// !$*UTF8*$!
{
	archiveVersion = 1;
	classes = {
	};
	objectVersion = 50;
	objects = {

/* Begin PBXBuildFile section */
		C60415EB217621A4003E5BEA /* GameCell.swift in Sources */ = {isa = PBXBuildFile; fileRef = C60415EA217621A4003E5BEA /* GameCell.swift */; };
		C60415ED217629A5003E5BEA /* Game.swift in Sources */ = {isa = PBXBuildFile; fileRef = C60415EC217629A5003E5BEA /* Game.swift */; };
		C60415EF217632F2003E5BEA /* GameShowViewController.swift in Sources */ = {isa = PBXBuildFile; fileRef = C60415EE217632F2003E5BEA /* GameShowViewController.swift */; };
		C67F445C21750883009AF031 /* AppDelegate.swift in Sources */ = {isa = PBXBuildFile; fileRef = C67F445B21750883009AF031 /* AppDelegate.swift */; };
		C67F445E21750883009AF031 /* ViewController.swift in Sources */ = {isa = PBXBuildFile; fileRef = C67F445D21750883009AF031 /* ViewController.swift */; };
		C67F446121750883009AF031 /* Main.storyboard in Resources */ = {isa = PBXBuildFile; fileRef = C67F445F21750883009AF031 /* Main.storyboard */; };
		C67F446321750884009AF031 /* Assets.xcassets in Resources */ = {isa = PBXBuildFile; fileRef = C67F446221750884009AF031 /* Assets.xcassets */; };
		C67F446621750884009AF031 /* LaunchScreen.storyboard in Resources */ = {isa = PBXBuildFile; fileRef = C67F446421750884009AF031 /* LaunchScreen.storyboard */; };
/* End PBXBuildFile section */

/* Begin PBXFileReference section */
		C60415EA217621A4003E5BEA /* GameCell.swift */ = {isa = PBXFileReference; lastKnownFileType = sourcecode.swift; path = GameCell.swift; sourceTree = "<group>"; };
		C60415EC217629A5003E5BEA /* Game.swift */ = {isa = PBXFileReference; lastKnownFileType = sourcecode.swift; path = Game.swift; sourceTree = "<group>"; };
		C60415EE217632F2003E5BEA /* GameShowViewController.swift */ = {isa = PBXFileReference; lastKnownFileType = sourcecode.swift; path = GameShowViewController.swift; sourceTree = "<group>"; };
		C67F445821750883009AF031 /* Video Game Library iOS.app */ = {isa = PBXFileReference; explicitFileType = wrapper.application; includeInIndex = 0; path = "Video Game Library iOS.app"; sourceTree = BUILT_PRODUCTS_DIR; };
		C67F445B21750883009AF031 /* AppDelegate.swift */ = {isa = PBXFileReference; lastKnownFileType = sourcecode.swift; path = AppDelegate.swift; sourceTree = "<group>"; };
		C67F445D21750883009AF031 /* ViewController.swift */ = {isa = PBXFileReference; lastKnownFileType = sourcecode.swift; path = ViewController.swift; sourceTree = "<group>"; };
		C67F446021750883009AF031 /* Base */ = {isa = PBXFileReference; lastKnownFileType = file.storyboard; name = Base; path = Base.lproj/Main.storyboard; sourceTree = "<group>"; };
		C67F446221750884009AF031 /* Assets.xcassets */ = {isa = PBXFileReference; lastKnownFileType = folder.assetcatalog; path = Assets.xcassets; sourceTree = "<group>"; };
		C67F446521750884009AF031 /* Base */ = {isa = PBXFileReference; lastKnownFileType = file.storyboard; name = Base; path = Base.lproj/LaunchScreen.storyboard; sourceTree = "<group>"; };
		C67F446721750884009AF031 /* Info.plist */ = {isa = PBXFileReference; lastKnownFileType = text.plist.xml; path = Info.plist; sourceTree = "<group>"; };
/* End PBXFileReference section */

/* Begin PBXFrameworksBuildPhase section */
		C67F445521750883009AF031 /* Frameworks */ = {
			isa = PBXFrameworksBuildPhase;
			buildActionMask = 2147483647;
			files = (
			);
			runOnlyForDeploymentPostprocessing = 0;
		};
/* End PBXFrameworksBuildPhase section */

/* Begin PBXGroup section */
		C60415F021763566003E5BEA /* Game */ = {
			isa = PBXGroup;
			children = (
				C60415EE217632F2003E5BEA /* GameShowViewController.swift */,
				C60415EC217629A5003E5BEA /* Game.swift */,
			);
			path = Game;
			sourceTree = "<group>";
		};
		C60415F221763584003E5BEA /* Main Screen */ = {
			isa = PBXGroup;
			children = (
				C67F445D21750883009AF031 /* ViewController.swift */,
				C60415EA217621A4003E5BEA /* GameCell.swift */,
				C67F445F21750883009AF031 /* Main.storyboard */,
			);
			path = "Main Screen";
			sourceTree = "<group>";
		};
		C67F444F21750883009AF031 = {
			isa = PBXGroup;
			children = (
				C67F445A21750883009AF031 /* Video Game Library iOS */,
				C67F445921750883009AF031 /* Products */,
			);
			sourceTree = "<group>";
		};
		C67F445921750883009AF031 /* Products */ = {
			isa = PBXGroup;
			children = (
				C67F445821750883009AF031 /* Video Game Library iOS.app */,
			);
			name = Products;
			sourceTree = "<group>";
		};
		C67F445A21750883009AF031 /* Video Game Library iOS */ = {
			isa = PBXGroup;
			children = (
				C60415F221763584003E5BEA /* Main Screen */,
				C60415F021763566003E5BEA /* Game */,
				C67F446221750884009AF031 /* Assets.xcassets */,
				C67F445B21750883009AF031 /* AppDelegate.swift */,
				C67F446421750884009AF031 /* LaunchScreen.storyboard */,
				C67F446721750884009AF031 /* Info.plist */,
			);
			path = "Video Game Library iOS";
			sourceTree = "<group>";
		};
/* End PBXGroup section */

/* Begin PBXNativeTarget section */
		C67F445721750883009AF031 /* Video Game Library iOS */ = {
			isa = PBXNativeTarget;
			buildConfigurationList = C67F446A21750884009AF031 /* Build configuration list for PBXNativeTarget "Video Game Library iOS" */;
			buildPhases = (
				C67F445421750883009AF031 /* Sources */,
				C67F445521750883009AF031 /* Frameworks */,
				C67F445621750883009AF031 /* Resources */,
			);
			buildRules = (
			);
			dependencies = (
			);
			name = "Video Game Library iOS";
			productName = "Video Game Library iOS";
			productReference = C67F445821750883009AF031 /* Video Game Library iOS.app */;
			productType = "com.apple.product-type.application";
		};
/* End PBXNativeTarget section */

/* Begin PBXProject section */
		C67F445021750883009AF031 /* Project object */ = {
			isa = PBXProject;
			attributes = {
				LastSwiftUpdateCheck = 1000;
				LastUpgradeCheck = 1000;
				ORGANIZATIONNAME = "Phoenix Development";
				TargetAttributes = {
					C67F445721750883009AF031 = {
						CreatedOnToolsVersion = 10.0;
					};
				};
			};
			buildConfigurationList = C67F445321750883009AF031 /* Build configuration list for PBXProject "Video Game Library iOS" */;
			compatibilityVersion = "Xcode 9.3";
			developmentRegion = en;
			hasScannedForEncodings = 0;
			knownRegions = (
				en,
				Base,
			);
			mainGroup = C67F444F21750883009AF031;
			productRefGroup = C67F445921750883009AF031 /* Products */;
			projectDirPath = "";
			projectRoot = "";
			targets = (
				C67F445721750883009AF031 /* Video Game Library iOS */,
			);
		};
/* End PBXProject section */

/* Begin PBXResourcesBuildPhase section */
		C67F445621750883009AF031 /* Resources */ = {
			isa = PBXResourcesBuildPhase;
			buildActionMask = 2147483647;
			files = (
				C67F446621750884009AF031 /* LaunchScreen.storyboard in Resources */,
				C67F446321750884009AF031 /* Assets.xcassets in Resources */,
				C67F446121750883009AF031 /* Main.storyboard in Resources */,
			);
			runOnlyForDeploymentPostprocessing = 0;
		};
/* End PBXResourcesBuildPhase section */

/* Begin PBXSourcesBuildPhase section */
		C67F445421750883009AF031 /* Sources */ = {
			isa = PBXSourcesBuildPhase;
			buildActionMask = 2147483647;
			files = (
				C60415EF217632F2003E5BEA /* GameShowViewController.swift in Sources */,
				C67F445E21750883009AF031 /* ViewController.swift in Sources */,
				C67F445C21750883009AF031 /* AppDelegate.swift in Sources */,
				C60415EB217621A4003E5BEA /* GameCell.swift in Sources */,
				C60415ED217629A5003E5BEA /* Game.swift in Sources */,
			);
			runOnlyForDeploymentPostprocessing = 0;
		};
/* End PBXSourcesBuildPhase section */

/* Begin PBXVariantGroup section */
		C67F445F21750883009AF031 /* Main.storyboard */ = {
			isa = PBXVariantGroup;
			children = (
				C67F446021750883009AF031 /* Base */,
			);
			name = Main.storyboard;
			sourceTree = "<group>";
		};
		C67F446421750884009AF031 /* LaunchScreen.storyboard */ = {
			isa = PBXVariantGroup;
			children = (
				C67F446521750884009AF031 /* Base */,
			);
			name = LaunchScreen.storyboard;
			sourceTree = "<group>";
		};
/* End PBXVariantGroup section */

/* Begin XCBuildConfiguration section */
		C67F446821750884009AF031 /* Debug */ = {
			isa = XCBuildConfiguration;
			buildSettings = {
				ALWAYS_SEARCH_USER_PATHS = NO;
				CLANG_ANALYZER_NONNULL = YES;
				CLANG_ANALYZER_NUMBER_OBJECT_CONVERSION = YES_AGGRESSIVE;
				CLANG_CXX_LANGUAGE_STANDARD = "gnu++14";
				CLANG_CXX_LIBRARY = "libc++";
				CLANG_ENABLE_MODULES = YES;
				CLANG_ENABLE_OBJC_ARC = YES;
				CLANG_ENABLE_OBJC_WEAK = YES;
				CLANG_WARN_BLOCK_CAPTURE_AUTORELEASING = YES;
				CLANG_WARN_BOOL_CONVERSION = YES;
				CLANG_WARN_COMMA = YES;
				CLANG_WARN_CONSTANT_CONVERSION = YES;
				CLANG_WARN_DEPRECATED_OBJC_IMPLEMENTATIONS = YES;
				CLANG_WARN_DIRECT_OBJC_ISA_USAGE = YES_ERROR;
				CLANG_WARN_DOCUMENTATION_COMMENTS = YES;
				CLANG_WARN_EMPTY_BODY = YES;
				CLANG_WARN_ENUM_CONVERSION = YES;
				CLANG_WARN_INFINITE_RECURSION = YES;
				CLANG_WARN_INT_CONVERSION = YES;
				CLANG_WARN_NON_LITERAL_NULL_CONVERSION = YES;
				CLANG_WARN_OBJC_IMPLICIT_RETAIN_SELF = YES;
				CLANG_WARN_OBJC_LITERAL_CONVERSION = YES;
				CLANG_WARN_OBJC_ROOT_CLASS = YES_ERROR;
				CLANG_WARN_RANGE_LOOP_ANALYSIS = YES;
				CLANG_WARN_STRICT_PROTOTYPES = YES;
				CLANG_WARN_SUSPICIOUS_MOVE = YES;
				CLANG_WARN_UNGUARDED_AVAILABILITY = YES_AGGRESSIVE;
				CLANG_WARN_UNREACHABLE_CODE = YES;
				CLANG_WARN__DUPLICATE_METHOD_MATCH = YES;
				CODE_SIGN_IDENTITY = "iPhone Developer";
				COPY_PHASE_STRIP = NO;
				DEBUG_INFORMATION_FORMAT = dwarf;
				ENABLE_STRICT_OBJC_MSGSEND = YES;
				ENABLE_TESTABILITY = YES;
				GCC_C_LANGUAGE_STANDARD = gnu11;
				GCC_DYNAMIC_NO_PIC = NO;
				GCC_NO_COMMON_BLOCKS = YES;
				GCC_OPTIMIZATION_LEVEL = 0;
				GCC_PREPROCESSOR_DEFINITIONS = (
					"DEBUG=1",
					"$(inherited)",
				);
				GCC_WARN_64_TO_32_BIT_CONVERSION = YES;
				GCC_WARN_ABOUT_RETURN_TYPE = YES_ERROR;
				GCC_WARN_UNDECLARED_SELECTOR = YES;
				GCC_WARN_UNINITIALIZED_AUTOS = YES_AGGRESSIVE;
				GCC_WARN_UNUSED_FUNCTION = YES;
				GCC_WARN_UNUSED_VARIABLE = YES;
				IPHONEOS_DEPLOYMENT_TARGET = 12.0;
				MTL_ENABLE_DEBUG_INFO = INCLUDE_SOURCE;
				MTL_FAST_MATH = YES;
				ONLY_ACTIVE_ARCH = YES;
				SDKROOT = iphoneos;
				SWIFT_ACTIVE_COMPILATION_CONDITIONS = DEBUG;
				SWIFT_OPTIMIZATION_LEVEL = "-Onone";
			};
			name = Debug;
		};
		C67F446921750884009AF031 /* Release */ = {
			isa = XCBuildConfiguration;
			buildSettings = {
				ALWAYS_SEARCH_USER_PATHS = NO;
				CLANG_ANALYZER_NONNULL = YES;
				CLANG_ANALYZER_NUMBER_OBJECT_CONVERSION = YES_AGGRESSIVE;
				CLANG_CXX_LANGUAGE_STANDARD = "gnu++14";
				CLANG_CXX_LIBRARY = "libc++";
				CLANG_ENABLE_MODULES = YES;
				CLANG_ENABLE_OBJC_ARC = YES;
				CLANG_ENABLE_OBJC_WEAK = YES;
				CLANG_WARN_BLOCK_CAPTURE_AUTORELEASING = YES;
				CLANG_WARN_BOOL_CONVERSION = YES;
				CLANG_WARN_COMMA = YES;
				CLANG_WARN_CONSTANT_CONVERSION = YES;
				CLANG_WARN_DEPRECATED_OBJC_IMPLEMENTATIONS = YES;
				CLANG_WARN_DIRECT_OBJC_ISA_USAGE = YES_ERROR;
				CLANG_WARN_DOCUMENTATION_COMMENTS = YES;
				CLANG_WARN_EMPTY_BODY = YES;
				CLANG_WARN_ENUM_CONVERSION = YES;
				CLANG_WARN_INFINITE_RECURSION = YES;
				CLANG_WARN_INT_CONVERSION = YES;
				CLANG_WARN_NON_LITERAL_NULL_CONVERSION = YES;
				CLANG_WARN_OBJC_IMPLICIT_RETAIN_SELF = YES;
				CLANG_WARN_OBJC_LITERAL_CONVERSION = YES;
				CLANG_WARN_OBJC_ROOT_CLASS = YES_ERROR;
				CLANG_WARN_RANGE_LOOP_ANALYSIS = YES;
				CLANG_WARN_STRICT_PROTOTYPES = YES;
				CLANG_WARN_SUSPICIOUS_MOVE = YES;
				CLANG_WARN_UNGUARDED_AVAILABILITY = YES_AGGRESSIVE;
				CLANG_WARN_UNREACHABLE_CODE = YES;
				CLANG_WARN__DUPLICATE_METHOD_MATCH = YES;
				CODE_SIGN_IDENTITY = "iPhone Developer";
				COPY_PHASE_STRIP = NO;
				DEBUG_INFORMATION_FORMAT = "dwarf-with-dsym";
				ENABLE_NS_ASSERTIONS = NO;
				ENABLE_STRICT_OBJC_MSGSEND = YES;
				GCC_C_LANGUAGE_STANDARD = gnu11;
				GCC_NO_COMMON_BLOCKS = YES;
				GCC_WARN_64_TO_32_BIT_CONVERSION = YES;
				GCC_WARN_ABOUT_RETURN_TYPE = YES_ERROR;
				GCC_WARN_UNDECLARED_SELECTOR = YES;
				GCC_WARN_UNINITIALIZED_AUTOS = YES_AGGRESSIVE;
				GCC_WARN_UNUSED_FUNCTION = YES;
				GCC_WARN_UNUSED_VARIABLE = YES;
				IPHONEOS_DEPLOYMENT_TARGET = 12.0;
				MTL_ENABLE_DEBUG_INFO = NO;
				MTL_FAST_MATH = YES;
				SDKROOT = iphoneos;
				SWIFT_COMPILATION_MODE = wholemodule;
				SWIFT_OPTIMIZATION_LEVEL = "-O";
				VALIDATE_PRODUCT = YES;
			};
			name = Release;
		};
		C67F446B21750884009AF031 /* Debug */ = {
			isa = XCBuildConfiguration;
			buildSettings = {
				ASSETCATALOG_COMPILER_APPICON_NAME = AppIcon;
				CODE_SIGN_STYLE = Automatic;
				DEVELOPMENT_TEAM = MA7ASKQ2T8;
				INFOPLIST_FILE = "Video Game Library iOS/Info.plist";
				IPHONEOS_DEPLOYMENT_TARGET = 11.0;
				LD_RUNPATH_SEARCH_PATHS = (
					"$(inherited)",
					"@executable_path/Frameworks",
				);
				PRODUCT_BUNDLE_IDENTIFIER = "Phoenix.Video-Game-Library-iOS";
				PRODUCT_NAME = "$(TARGET_NAME)";
				SWIFT_VERSION = 4.2;
				TARGETED_DEVICE_FAMILY = 1;
			};
			name = Debug;
		};
		C67F446C21750884009AF031 /* Release */ = {
			isa = XCBuildConfiguration;
			buildSettings = {
				ASSETCATALOG_COMPILER_APPICON_NAME = AppIcon;
				CODE_SIGN_STYLE = Automatic;
				DEVELOPMENT_TEAM = MA7ASKQ2T8;
				INFOPLIST_FILE = "Video Game Library iOS/Info.plist";
				IPHONEOS_DEPLOYMENT_TARGET = 11.0;
				LD_RUNPATH_SEARCH_PATHS = (
					"$(inherited)",
					"@executable_path/Frameworks",
				);
				PRODUCT_BUNDLE_IDENTIFIER = "Phoenix.Video-Game-Library-iOS";
				PRODUCT_NAME = "$(TARGET_NAME)";
				SWIFT_VERSION = 4.2;
				TARGETED_DEVICE_FAMILY = 1;
			};
			name = Release;
		};
/* End XCBuildConfiguration section */

/* Begin XCConfigurationList section */
		C67F445321750883009AF031 /* Build configuration list for PBXProject "Video Game Library iOS" */ = {
			isa = XCConfigurationList;
			buildConfigurations = (
				C67F446821750884009AF031 /* Debug */,
				C67F446921750884009AF031 /* Release */,
			);
			defaultConfigurationIsVisible = 0;
			defaultConfigurationName = Release;
		};
		C67F446A21750884009AF031 /* Build configuration list for PBXNativeTarget "Video Game Library iOS" */ = {
			isa = XCConfigurationList;
			buildConfigurations = (
				C67F446B21750884009AF031 /* Debug */,
				C67F446C21750884009AF031 /* Release */,
			);
			defaultConfigurationIsVisible = 0;
			defaultConfigurationName = Release;
		};
/* End XCConfigurationList section */
	};
	rootObject = C67F445021750883009AF031 /* Project object */;
}
